
Microsoft Visual Studio Solution File, Format Version 12.00
# Visual Studio Version 17
VisualStudioVersion = 17.5.002.0
MinimumVisualStudioVersion = 10.0.40219.1
Project("{9A19103F-16F7-4668-BE54-9A1E7A4F7556}") = "Desafio da arrays pela Intelitrader", "Desafio da arrays pela Intelitrader.csproj", "{0418DB30-7512-484C-B494-56BC8086A18D}"
EndProject
Global
	GlobalSection(SolutionConfigurationPlatforms) = preSolution
		Debug|Any CPU = Debug|Any CPU
		Release|Any CPU = Release|Any CPU
	EndGlobalSection
	GlobalSection(ProjectConfigurationPlatforms) = postSolution
		{0418DB30-7512-484C-B494-56BC8086A18D}.Debug|Any CPU.ActiveCfg = Debug|Any CPU
		{0418DB30-7512-484C-B494-56BC8086A18D}.Debug|Any CPU.Build.0 = Debug|Any CPU
		{0418DB30-7512-484C-B494-56BC8086A18D}.Release|Any CPU.ActiveCfg = Release|Any CPU
		{0418DB30-7512-484C-B494-56BC8086A18D}.Release|Any CPU.Build.0 = Release|Any CPU
	EndGlobalSection
	GlobalSection(SolutionProperties) = preSolution
		HideSolutionNode = FALSE
	EndGlobalSection
	GlobalSection(ExtensibilityGlobals) = postSolution
		SolutionGuid = {E3E1DE0C-C7BF-4F80-B751-2973C889CABB}
	EndGlobalSection
EndGlobal
